
Microsoft Visual Studio Solution File, Format Version 12.00
# Visual Studio Version 17
VisualStudioVersion = 17.14.35821.62 d17.14
MinimumVisualStudioVersion = 10.0.40219.1
Project("{2150E333-8FDC-42A3-9474-1A3956D46DE8}") = "Core", "Core", "{02EA681E-C7D8-13C7-8484-4AC65E1B71E8}"
EndProject
Project("{FAE04EC0-301F-11D3-BF4B-00C04F79EFBC}") = "Onion.Domain", "Core\Onion.Domain\Onion.Domain.csproj", "{32508099-9F90-40F5-BF47-643BC37F32A3}"
EndProject
Project("{FAE04EC0-301F-11D3-BF4B-00C04F79EFBC}") = "Onion.Application", "Core\Onion.Application\Onion.Application.csproj", "{0C443E7E-6533-4380-AB9D-516B14BD82D6}"
EndProject
Project("{2150E333-8FDC-42A3-9474-1A3956D46DE8}") = "Infrastructure", "Infrastructure", "{4412CC74-C6C1-4348-9A18-DAC32C8D16EB}"
EndProject
Project("{FAE04EC0-301F-11D3-BF4B-00C04F79EFBC}") = "Onion.Persistence", "Infrastructure\Onion.Persistence\Onion.Persistence.csproj", "{CE26826F-D3EC-4F18-98C3-D94B3AA40654}"
EndProject
Project("{FAE04EC0-301F-11D3-BF4B-00C04F79EFBC}") = "Onion.Infrastructure", "Infrastructure\Onion.Infrastructure\Onion.Infrastructure.csproj", "{02DCB4D6-E73F-40E4-A8F1-1D82FE5C2D52}"
EndProject
Project("{2150E333-8FDC-42A3-9474-1A3956D46DE8}") = "Presentation", "Presentation", "{06ADF9D3-336F-44BD-9D10-6BEFE845EB07}"
EndProject
Project("{FAE04EC0-301F-11D3-BF4B-00C04F79EFBC}") = "Onion.API", "Presentation\Onion.API\Onion.API.csproj", "{5CF08726-4B5F-4E3E-88F5-2D322B65356E}"
EndProject
Global
	GlobalSection(SolutionConfigurationPlatforms) = preSolution
		Debug|Any CPU = Debug|Any CPU
		Release|Any CPU = Release|Any CPU
	EndGlobalSection
	GlobalSection(ProjectConfigurationPlatforms) = postSolution
		{32508099-9F90-40F5-BF47-643BC37F32A3}.Debug|Any CPU.ActiveCfg = Debug|Any CPU
		{32508099-9F90-40F5-BF47-643BC37F32A3}.Debug|Any CPU.Build.0 = Debug|Any CPU
		{32508099-9F90-40F5-BF47-643BC37F32A3}.Release|Any CPU.ActiveCfg = Release|Any CPU
		{32508099-9F90-40F5-BF47-643BC37F32A3}.Release|Any CPU.Build.0 = Release|Any CPU
		{0C443E7E-6533-4380-AB9D-516B14BD82D6}.Debug|Any CPU.ActiveCfg = Debug|Any CPU
		{0C443E7E-6533-4380-AB9D-516B14BD82D6}.Debug|Any CPU.Build.0 = Debug|Any CPU
		{0C443E7E-6533-4380-AB9D-516B14BD82D6}.Release|Any CPU.ActiveCfg = Release|Any CPU
		{0C443E7E-6533-4380-AB9D-516B14BD82D6}.Release|Any CPU.Build.0 = Release|Any CPU
		{CE26826F-D3EC-4F18-98C3-D94B3AA40654}.Debug|Any CPU.ActiveCfg = Debug|Any CPU
		{CE26826F-D3EC-4F18-98C3-D94B3AA40654}.Debug|Any CPU.Build.0 = Debug|Any CPU
		{CE26826F-D3EC-4F18-98C3-D94B3AA40654}.Release|Any CPU.ActiveCfg = Release|Any CPU
		{CE26826F-D3EC-4F18-98C3-D94B3AA40654}.Release|Any CPU.Build.0 = Release|Any CPU
		{02DCB4D6-E73F-40E4-A8F1-1D82FE5C2D52}.Debug|Any CPU.ActiveCfg = Debug|Any CPU
		{02DCB4D6-E73F-40E4-A8F1-1D82FE5C2D52}.Debug|Any CPU.Build.0 = Debug|Any CPU
		{02DCB4D6-E73F-40E4-A8F1-1D82FE5C2D52}.Release|Any CPU.ActiveCfg = Release|Any CPU
		{02DCB4D6-E73F-40E4-A8F1-1D82FE5C2D52}.Release|Any CPU.Build.0 = Release|Any CPU
		{5CF08726-4B5F-4E3E-88F5-2D322B65356E}.Debug|Any CPU.ActiveCfg = Debug|Any CPU
		{5CF08726-4B5F-4E3E-88F5-2D322B65356E}.Debug|Any CPU.Build.0 = Debug|Any CPU
		{5CF08726-4B5F-4E3E-88F5-2D322B65356E}.Release|Any CPU.ActiveCfg = Release|Any CPU
		{5CF08726-4B5F-4E3E-88F5-2D322B65356E}.Release|Any CPU.Build.0 = Release|Any CPU
	EndGlobalSection
	GlobalSection(SolutionProperties) = preSolution
		HideSolutionNode = FALSE
	EndGlobalSection
	GlobalSection(NestedProjects) = preSolution
		{32508099-9F90-40F5-BF47-643BC37F32A3} = {02EA681E-C7D8-13C7-8484-4AC65E1B71E8}
		{0C443E7E-6533-4380-AB9D-516B14BD82D6} = {02EA681E-C7D8-13C7-8484-4AC65E1B71E8}
		{CE26826F-D3EC-4F18-98C3-D94B3AA40654} = {4412CC74-C6C1-4348-9A18-DAC32C8D16EB}
		{02DCB4D6-E73F-40E4-A8F1-1D82FE5C2D52} = {4412CC74-C6C1-4348-9A18-DAC32C8D16EB}
		{5CF08726-4B5F-4E3E-88F5-2D322B65356E} = {06ADF9D3-336F-44BD-9D10-6BEFE845EB07}
	EndGlobalSection
	GlobalSection(ExtensibilityGlobals) = postSolution
		SolutionGuid = {D2ED05AC-E211-4459-A5EE-394845322100}
	EndGlobalSection
EndGlobal
